// !$*UTF8*$!
{
	archiveVersion = 1;
	classes = {
	};
	objectVersion = 46;
	objects = {

/* Begin PBXBuildFile section */
		07CF31E01C97DA7F00BDFB92 /* main.m in Sources */ = {isa = PBXBuildFile; fileRef = 07CF31DF1C97DA7F00BDFB92 /* main.m */; };
		07CF31E31C97DA7F00BDFB92 /* AppDelegate.m in Sources */ = {isa = PBXBuildFile; fileRef = 07CF31E21C97DA7F00BDFB92 /* AppDelegate.m */; };
		07CF31EB1C97DA7F00BDFB92 /* Assets.xcassets in Resources */ = {isa = PBXBuildFile; fileRef = 07CF31EA1C97DA7F00BDFB92 /* Assets.xcassets */; };
		07CF31EE1C97DA7F00BDFB92 /* LaunchScreen.storyboard in Resources */ = {isa = PBXBuildFile; fileRef = 07CF31EC1C97DA7F00BDFB92 /* LaunchScreen.storyboard */; };
/* End PBXBuildFile section */

/* Begin PBXFileReference section */
		07CF31DB1C97DA7F00BDFB92 /* MySmallDay.app */ = {isa = PBXFileReference; explicitFileType = wrapper.application; includeInIndex = 0; path = MySmallDay.app; sourceTree = BUILT_PRODUCTS_DIR; };
		07CF31DF1C97DA7F00BDFB92 /* main.m */ = {isa = PBXFileReference; lastKnownFileType = sourcecode.c.objc; path = main.m; sourceTree = "<group>"; };
		07CF31E11C97DA7F00BDFB92 /* AppDelegate.h */ = {isa = PBXFileReference; lastKnownFileType = sourcecode.c.h; path = AppDelegate.h; sourceTree = "<group>"; };
		07CF31E21C97DA7F00BDFB92 /* AppDelegate.m */ = {isa = PBXFileReference; lastKnownFileType = sourcecode.c.objc; path = AppDelegate.m; sourceTree = "<group>"; };
		07CF31EA1C97DA7F00BDFB92 /* Assets.xcassets */ = {isa = PBXFileReference; lastKnownFileType = folder.assetcatalog; path = Assets.xcassets; sourceTree = "<group>"; };
		07CF31ED1C97DA7F00BDFB92 /* Base */ = {isa = PBXFileReference; lastKnownFileType = file.storyboard; name = Base; path = Base.lproj/LaunchScreen.storyboard; sourceTree = "<group>"; };
		07CF31EF1C97DA7F00BDFB92 /* Info.plist */ = {isa = PBXFileReference; lastKnownFileType = text.plist.xml; path = Info.plist; sourceTree = "<group>"; };
/* End PBXFileReference section */

/* Begin PBXFrameworksBuildPhase section */
		07CF31D81C97DA7F00BDFB92 /* Frameworks */ = {
			isa = PBXFrameworksBuildPhase;
			buildActionMask = 2147483647;
			files = (
			);
			runOnlyForDeploymentPostprocessing = 0;
		};
/* End PBXFrameworksBuildPhase section */

/* Begin PBXGroup section */
		07CF31D21C97DA7F00BDFB92 = {
			isa = PBXGroup;
			children = (
				07CF31DD1C97DA7F00BDFB92 /* MySmallDay */,
				07CF31DC1C97DA7F00BDFB92 /* Products */,
			);
			sourceTree = "<group>";
		};
		07CF31DC1C97DA7F00BDFB92 /* Products */ = {
			isa = PBXGroup;
			children = (
				07CF31DB1C97DA7F00BDFB92 /* MySmallDay.app */,
			);
			name = Products;
			sourceTree = "<group>";
		};
		07CF31DD1C97DA7F00BDFB92 /* MySmallDay */ = {
			isa = PBXGroup;
			children = (
				07CF31E11C97DA7F00BDFB92 /* AppDelegate.h */,
				07CF31E21C97DA7F00BDFB92 /* AppDelegate.m */,
				07CF31EA1C97DA7F00BDFB92 /* Assets.xcassets */,
				07CF31EC1C97DA7F00BDFB92 /* LaunchScreen.storyboard */,
				07CF31EF1C97DA7F00BDFB92 /* Info.plist */,
				07CF31DE1C97DA7F00BDFB92 /* Supporting Files */,
			);
			path = MySmallDay;
			sourceTree = "<group>";
		};
		07CF31DE1C97DA7F00BDFB92 /* Supporting Files */ = {
			isa = PBXGroup;
			children = (
				07CF31DF1C97DA7F00BDFB92 /* main.m */,
			);
			name = "Supporting Files";
			sourceTree = "<group>";
		};
/* End PBXGroup section */

/* Begin PBXNativeTarget section */
		07CF31DA1C97DA7F00BDFB92 /* MySmallDay */ = {
			isa = PBXNativeTarget;
			buildConfigurationList = 07CF31F21C97DA7F00BDFB92 /* Build configuration list for PBXNativeTarget "MySmallDay" */;
			buildPhases = (
				07CF31D71C97DA7F00BDFB92 /* Sources */,
				07CF31D81C97DA7F00BDFB92 /* Frameworks */,
				07CF31D91C97DA7F00BDFB92 /* Resources */,
			);
			buildRules = (
			);
			dependencies = (
			);
			name = MySmallDay;
			productName = MySmallDay;
			productReference = 07CF31DB1C97DA7F00BDFB92 /* MySmallDay.app */;
			productType = "com.apple.product-type.application";
		};
/* End PBXNativeTarget section */

/* Begin PBXProject section */
		07CF31D31C97DA7F00BDFB92 /* Project object */ = {
			isa = PBXProject;
			attributes = {
				LastUpgradeCheck = 0720;
				ORGANIZATIONNAME = Snail;
				TargetAttributes = {
					07CF31DA1C97DA7F00BDFB92 = {
						CreatedOnToolsVersion = 7.2;
					};
				};
			};
			buildConfigurationList = 07CF31D61C97DA7F00BDFB92 /* Build configuration list for PBXProject "MySmallDay" */;
			compatibilityVersion = "Xcode 3.2";
			developmentRegion = English;
			hasScannedForEncodings = 0;
			knownRegions = (
				en,
				Base,
			);
			mainGroup = 07CF31D21C97DA7F00BDFB92;
			productRefGroup = 07CF31DC1C97DA7F00BDFB92 /* Products */;
			projectDirPath = "";
			projectRoot = "";
			targets = (
				07CF31DA1C97DA7F00BDFB92 /* MySmallDay */,
			);
		};
/* End PBXProject section */

/* Begin PBXResourcesBuildPhase section */
		07CF31D91C97DA7F00BDFB92 /* Resources */ = {
			isa = PBXResourcesBuildPhase;
			buildActionMask = 2147483647;
			files = (
				07CF31EE1C97DA7F00BDFB92 /* LaunchScreen.storyboard in Resources */,
				07CF31EB1C97DA7F00BDFB92 /* Assets.xcassets in Resources */,
			);
			runOnlyForDeploymentPostprocessing = 0;
		};
/* End PBXResourcesBuildPhase section */

/* Begin PBXSourcesBuildPhase section */
		07CF31D71C97DA7F00BDFB92 /* Sources */ = {
			isa = PBXSourcesBuildPhase;
			buildActionMask = 2147483647;
			files = (
				07CF31E31C97DA7F00BDFB92 /* AppDelegate.m in Sources */,
				07CF31E01C97DA7F00BDFB92 /* main.m in Sources */,
			);
			runOnlyForDeploymentPostprocessing = 0;
		};
/* End PBXSourcesBuildPhase section */

/* Begin PBXVariantGroup section */
		07CF31EC1C97DA7F00BDFB92 /* LaunchScreen.storyboard */ = {
			isa = PBXVariantGroup;
			children = (
				07CF31ED1C97DA7F00BDFB92 /* Base */,
			);
			name = LaunchScreen.storyboard;
			sourceTree = "<group>";
		};
/* End PBXVariantGroup section */

/* Begin XCBuildConfiguration section */
		07CF31F01C97DA7F00BDFB92 /* Debug */ = {
			isa = XCBuildConfiguration;
			buildSettings = {
				ALWAYS_SEARCH_USER_PATHS = NO;
				CLANG_CXX_LANGUAGE_STANDARD = "gnu++0x";
				CLANG_CXX_LIBRARY = "libc++";
				CLANG_ENABLE_MODULES = YES;
				CLANG_ENABLE_OBJC_ARC = YES;
				CLANG_WARN_BOOL_CONVERSION = YES;
				CLANG_WARN_CONSTANT_CONVERSION = YES;
				CLANG_WARN_DIRECT_OBJC_ISA_USAGE = YES_ERROR;
				CLANG_WARN_EMPTY_BODY = YES;
				CLANG_WARN_ENUM_CONVERSION = YES;
				CLANG_WARN_INT_CONVERSION = YES;
				CLANG_WARN_OBJC_ROOT_CLASS = YES_ERROR;
				CLANG_WARN_UNREACHABLE_CODE = YES;
				CLANG_WARN__DUPLICATE_METHOD_MATCH = YES;
				"CODE_SIGN_IDENTITY[sdk=iphoneos*]" = "iPhone Developer";
				COPY_PHASE_STRIP = NO;
				DEBUG_INFORMATION_FORMAT = dwarf;
				ENABLE_STRICT_OBJC_MSGSEND = YES;
				ENABLE_TESTABILITY = YES;
				GCC_C_LANGUAGE_STANDARD = gnu99;
				GCC_DYNAMIC_NO_PIC = NO;
				GCC_NO_COMMON_BLOCKS = YES;
				GCC_OPTIMIZATION_LEVEL = 0;
				GCC_PREPROCESSOR_DEFINITIONS = (
					"DEBUG=1",
					"$(inherited)",
				);
				GCC_WARN_64_TO_32_BIT_CONVERSION = YES;
				GCC_WARN_ABOUT_RETURN_TYPE = YES_ERROR;
				GCC_WARN_UNDECLARED_SELECTOR = YES;
				GCC_WARN_UNINITIALIZED_AUTOS = YES_AGGRESSIVE;
				GCC_WARN_UNUSED_FUNCTION = YES;
				GCC_WARN_UNUSED_VARIABLE = YES;
				IPHONEOS_DEPLOYMENT_TARGET = 9.2;
				MTL_ENABLE_DEBUG_INFO = YES;
				ONLY_ACTIVE_ARCH = YES;
				SDKROOT = iphoneos;
			};
			name = Debug;
		};
		07CF31F11C97DA7F00BDFB92 /* Release */ = {
			isa = XCBuildConfiguration;
			buildSettings = {
				ALWAYS_SEARCH_USER_PATHS = NO;
				CLANG_CXX_LANGUAGE_STANDARD = "gnu++0x";
				CLANG_CXX_LIBRARY = "libc++";
				CLANG_ENABLE_MODULES = YES;
				CLANG_ENABLE_OBJC_ARC = YES;
				CLANG_WARN_BOOL_CONVERSION = YES;
				CLANG_WARN_CONSTANT_CONVERSION = YES;
				CLANG_WARN_DIRECT_OBJC_ISA_USAGE = YES_ERROR;
				CLANG_WARN_EMPTY_BODY = YES;
				CLANG_WARN_ENUM_CONVERSION = YES;
				CLANG_WARN_INT_CONVERSION = YES;
				CLANG_WARN_OBJC_ROOT_CLASS = YES_ERROR;
				CLANG_WARN_UNREACHABLE_CODE = YES;
				CLANG_WARN__DUPLICATE_METHOD_MATCH = YES;
				"CODE_SIGN_IDENTITY[sdk=iphoneos*]" = "iPhone Developer";
				COPY_PHASE_STRIP = NO;
				DEBUG_INFORMATION_FORMAT = "dwarf-with-dsym";
				ENABLE_NS_ASSERTIONS = NO;
				ENABLE_STRICT_OBJC_MSGSEND = YES;
				GCC_C_LANGUAGE_STANDARD = gnu99;
				GCC_NO_COMMON_BLOCKS = YES;
				GCC_WARN_64_TO_32_BIT_CONVERSION = YES;
				GCC_WARN_ABOUT_RETURN_TYPE = YES_ERROR;
				GCC_WARN_UNDECLARED_SELECTOR = YES;
				GCC_WARN_UNINITIALIZED_AUTOS = YES_AGGRESSIVE;
				GCC_WARN_UNUSED_FUNCTION = YES;
				GCC_WARN_UNUSED_VARIABLE = YES;
				IPHONEOS_DEPLOYMENT_TARGET = 9.2;
				MTL_ENABLE_DEBUG_INFO = NO;
				SDKROOT = iphoneos;
				VALIDATE_PRODUCT = YES;
			};
			name = Release;
		};
		07CF31F31C97DA7F00BDFB92 /* Debug */ = {
			isa = XCBuildConfiguration;
			buildSettings = {
				ASSETCATALOG_COMPILER_APPICON_NAME = AppIcon;
				INFOPLIST_FILE = MySmallDay/Info.plist;
				IPHONEOS_DEPLOYMENT_TARGET = 8.0;
				LD_RUNPATH_SEARCH_PATHS = "$(inherited) @executable_path/Frameworks";
				PRODUCT_BUNDLE_IDENTIFIER = com.snail.MySmallDay;
				PRODUCT_NAME = "$(TARGET_NAME)";
			};
			name = Debug;
		};
		07CF31F41C97DA7F00BDFB92 /* Release */ = {
			isa = XCBuildConfiguration;
			buildSettings = {
				ASSETCATALOG_COMPILER_APPICON_NAME = AppIcon;
				INFOPLIST_FILE = MySmallDay/Info.plist;
				IPHONEOS_DEPLOYMENT_TARGET = 8.0;
				LD_RUNPATH_SEARCH_PATHS = "$(inherited) @executable_path/Frameworks";
				PRODUCT_BUNDLE_IDENTIFIER = com.snail.MySmallDay;
				PRODUCT_NAME = "$(TARGET_NAME)";
			};
			name = Release;
		};
/* End XCBuildConfiguration section */

/* Begin XCConfigurationList section */
		07CF31D61C97DA7F00BDFB92 /* Build configuration list for PBXProject "MySmallDay" */ = {
			isa = XCConfigurationList;
			buildConfigurations = (
				07CF31F01C97DA7F00BDFB92 /* Debug */,
				07CF31F11C97DA7F00BDFB92 /* Release */,
			);
			defaultConfigurationIsVisible = 0;
			defaultConfigurationName = Release;
		};
		07CF31F21C97DA7F00BDFB92 /* Build configuration list for PBXNativeTarget "MySmallDay" */ = {
			isa = XCConfigurationList;
			buildConfigurations = (
				07CF31F31C97DA7F00BDFB92 /* Debug */,
				07CF31F41C97DA7F00BDFB92 /* Release */,
			);
			defaultConfigurationIsVisible = 0;
		};
/* End XCConfigurationList section */
	};
	rootObject = 07CF31D31C97DA7F00BDFB92 /* Project object */;
}
